
Microsoft Visual Studio Solution File, Format Version 12.00
# Visual Studio Version 17
VisualStudioVersion = 17.8.34511.84
MinimumVisualStudioVersion = 10.0.40219.1
Project("{9A19103F-16F7-4668-BE54-9A1E7A4F7556}") = "CardioTrackAPI", "CardioTrackAPI.csproj", "{C2ADAF84-5B78-40EC-80F7-7AE0177B6646}"
EndProject
Global
	GlobalSection(SolutionConfigurationPlatforms) = preSolution
		Debug|Any CPU = Debug|Any CPU
		Release|Any CPU = Release|Any CPU
	EndGlobalSection
	GlobalSection(ProjectConfigurationPlatforms) = postSolution
		{C2ADAF84-5B78-40EC-80F7-7AE0177B6646}.Debug|Any CPU.ActiveCfg = Debug|Any CPU
		{C2ADAF84-5B78-40EC-80F7-7AE0177B6646}.Debug|Any CPU.Build.0 = Debug|Any CPU
		{C2ADAF84-5B78-40EC-80F7-7AE0177B6646}.Release|Any CPU.ActiveCfg = Release|Any CPU
		{C2ADAF84-5B78-40EC-80F7-7AE0177B6646}.Release|Any CPU.Build.0 = Release|Any CPU
	EndGlobalSection
	GlobalSection(SolutionProperties) = preSolution
		HideSolutionNode = FALSE
	EndGlobalSection
	GlobalSection(ExtensibilityGlobals) = postSolution
		SolutionGuid = {3450FCC4-5BFB-4FD1-A845-B305E2D93929}
	EndGlobalSection
EndGlobal
